
Microsoft Visual Studio Solution File, Format Version 12.00
# Visual Studio Version 16
VisualStudioVersion = 16.0.32228.343
MinimumVisualStudioVersion = 10.0.40219.1
Project("{FAE04EC0-301F-11D3-BF4B-00C04F79EFBC}") = "Notepad--", "Notepad--\Notepad--.csproj", "{1F7822BE-1173-4386-875D-B5CF6315F76F}"
EndProject
Global
	GlobalSection(SolutionConfigurationPlatforms) = preSolution
		Debug|Any CPU = Debug|Any CPU
		Release|Any CPU = Release|Any CPU
	EndGlobalSection
	GlobalSection(ProjectConfigurationPlatforms) = postSolution
		{1F7822BE-1173-4386-875D-B5CF6315F76F}.Debug|Any CPU.ActiveCfg = Debug|Any CPU
		{1F7822BE-1173-4386-875D-B5CF6315F76F}.Debug|Any CPU.Build.0 = Debug|Any CPU
		{1F7822BE-1173-4386-875D-B5CF6315F76F}.Release|Any CPU.ActiveCfg = Release|Any CPU
		{1F7822BE-1173-4386-875D-B5CF6315F76F}.Release|Any CPU.Build.0 = Release|Any CPU
	EndGlobalSection
	GlobalSection(SolutionProperties) = preSolution
		HideSolutionNode = FALSE
	EndGlobalSection
	GlobalSection(ExtensibilityGlobals) = postSolution
		SolutionGuid = {1FDBFEC5-9176-4E25-B4AD-A39F10F8ABA5}
	EndGlobalSection
EndGlobal
